
Microsoft Visual Studio Solution File, Format Version 12.00
# Visual Studio Version 16
VisualStudioVersion = 16.0.32106.194
MinimumVisualStudioVersion = 10.0.40219.1
Project("{FAE04EC0-301F-11D3-BF4B-00C04F79EFBC}") = "Assignment_4", "Assignment_4.csproj", "{EE31B69A-81B5-422E-96C1-09EAFD1F8F6F}"
EndProject
Global
	GlobalSection(SolutionConfigurationPlatforms) = preSolution
		Debug|Any CPU = Debug|Any CPU
		Release|Any CPU = Release|Any CPU
	EndGlobalSection
	GlobalSection(ProjectConfigurationPlatforms) = postSolution
		{EE31B69A-81B5-422E-96C1-09EAFD1F8F6F}.Debug|Any CPU.ActiveCfg = Debug|Any CPU
		{EE31B69A-81B5-422E-96C1-09EAFD1F8F6F}.Debug|Any CPU.Build.0 = Debug|Any CPU
		{EE31B69A-81B5-422E-96C1-09EAFD1F8F6F}.Release|Any CPU.ActiveCfg = Release|Any CPU
		{EE31B69A-81B5-422E-96C1-09EAFD1F8F6F}.Release|Any CPU.Build.0 = Release|Any CPU
	EndGlobalSection
	GlobalSection(SolutionProperties) = preSolution
		HideSolutionNode = FALSE
	EndGlobalSection
	GlobalSection(ExtensibilityGlobals) = postSolution
		SolutionGuid = {5A08535A-F148-4605-93A0-02C63C2AA7C9}
	EndGlobalSection
EndGlobal
