
Microsoft Visual Studio Solution File, Format Version 12.00
# Visual Studio Version 16
VisualStudioVersion = 16.0.32106.194
MinimumVisualStudioVersion = 10.0.40219.1
Project("{FAE04EC0-301F-11D3-BF4B-00C04F79EFBC}") = "Lab 10 - Edgar santana", "Lab 10 - Edgar santana.csproj", "{D765455B-33DC-4756-B6B5-BDF8B9CC46D1}"
EndProject
Global
	GlobalSection(SolutionConfigurationPlatforms) = preSolution
		Debug|Any CPU = Debug|Any CPU
		Release|Any CPU = Release|Any CPU
	EndGlobalSection
	GlobalSection(ProjectConfigurationPlatforms) = postSolution
		{D765455B-33DC-4756-B6B5-BDF8B9CC46D1}.Debug|Any CPU.ActiveCfg = Debug|Any CPU
		{D765455B-33DC-4756-B6B5-BDF8B9CC46D1}.Debug|Any CPU.Build.0 = Debug|Any CPU
		{D765455B-33DC-4756-B6B5-BDF8B9CC46D1}.Release|Any CPU.ActiveCfg = Release|Any CPU
		{D765455B-33DC-4756-B6B5-BDF8B9CC46D1}.Release|Any CPU.Build.0 = Release|Any CPU
	EndGlobalSection
	GlobalSection(SolutionProperties) = preSolution
		HideSolutionNode = FALSE
	EndGlobalSection
	GlobalSection(ExtensibilityGlobals) = postSolution
		SolutionGuid = {CAD3BCC3-2C1C-4BE6-B482-67A7A3C7A6E5}
	EndGlobalSection
EndGlobal
