
Microsoft Visual Studio Solution File, Format Version 12.00
# Visual Studio Version 16
VisualStudioVersion = 16.0.32106.194
MinimumVisualStudioVersion = 10.0.40219.1
Project("{FAE04EC0-301F-11D3-BF4B-00C04F79EFBC}") = "Lab 8 - Edgar Santana", "Lab 8 - Edgar Santana.csproj", "{B357CEFD-E22F-4EB4-A649-5B51F6EBEE77}"
EndProject
Global
	GlobalSection(SolutionConfigurationPlatforms) = preSolution
		Debug|Any CPU = Debug|Any CPU
		Release|Any CPU = Release|Any CPU
	EndGlobalSection
	GlobalSection(ProjectConfigurationPlatforms) = postSolution
		{B357CEFD-E22F-4EB4-A649-5B51F6EBEE77}.Debug|Any CPU.ActiveCfg = Debug|Any CPU
		{B357CEFD-E22F-4EB4-A649-5B51F6EBEE77}.Debug|Any CPU.Build.0 = Debug|Any CPU
		{B357CEFD-E22F-4EB4-A649-5B51F6EBEE77}.Release|Any CPU.ActiveCfg = Release|Any CPU
		{B357CEFD-E22F-4EB4-A649-5B51F6EBEE77}.Release|Any CPU.Build.0 = Release|Any CPU
	EndGlobalSection
	GlobalSection(SolutionProperties) = preSolution
		HideSolutionNode = FALSE
	EndGlobalSection
	GlobalSection(ExtensibilityGlobals) = postSolution
		SolutionGuid = {F21E1CC5-B603-40F6-B5A0-9F4F1C9B516B}
	EndGlobalSection
EndGlobal
