
Microsoft Visual Studio Solution File, Format Version 12.00
# Visual Studio Version 16
VisualStudioVersion = 16.0.32106.194
MinimumVisualStudioVersion = 10.0.40219.1
Project("{FAE04EC0-301F-11D3-BF4B-00C04F79EFBC}") = "Lab 9b - Edgar santana", "Lab 9b - Edgar santana.csproj", "{935134F2-12CF-43F4-B1C6-A2A924AA36C9}"
EndProject
Global
	GlobalSection(SolutionConfigurationPlatforms) = preSolution
		Debug|Any CPU = Debug|Any CPU
		Release|Any CPU = Release|Any CPU
	EndGlobalSection
	GlobalSection(ProjectConfigurationPlatforms) = postSolution
		{935134F2-12CF-43F4-B1C6-A2A924AA36C9}.Debug|Any CPU.ActiveCfg = Debug|Any CPU
		{935134F2-12CF-43F4-B1C6-A2A924AA36C9}.Debug|Any CPU.Build.0 = Debug|Any CPU
		{935134F2-12CF-43F4-B1C6-A2A924AA36C9}.Release|Any CPU.ActiveCfg = Release|Any CPU
		{935134F2-12CF-43F4-B1C6-A2A924AA36C9}.Release|Any CPU.Build.0 = Release|Any CPU
	EndGlobalSection
	GlobalSection(SolutionProperties) = preSolution
		HideSolutionNode = FALSE
	EndGlobalSection
	GlobalSection(ExtensibilityGlobals) = postSolution
		SolutionGuid = {1F559863-AFD9-455F-91AB-674EE128A146}
	EndGlobalSection
EndGlobal
